
Microsoft Visual Studio Solution File, Format Version 12.00
# Visual Studio Version 17
VisualStudioVersion = 17.5.002.0
MinimumVisualStudioVersion = 10.0.40219.1
Project("{9A19103F-16F7-4668-BE54-9A1E7A4F7556}") = "DesafioProjetoHospedagem", "DesafioProjetoHospedagem.csproj", "{C871A910-D86A-4C2D-9364-B3B816C93A14}"
EndProject
Global
	GlobalSection(SolutionConfigurationPlatforms) = preSolution
		Debug|Any CPU = Debug|Any CPU
		Release|Any CPU = Release|Any CPU
	EndGlobalSection
	GlobalSection(ProjectConfigurationPlatforms) = postSolution
		{C871A910-D86A-4C2D-9364-B3B816C93A14}.Debug|Any CPU.ActiveCfg = Debug|Any CPU
		{C871A910-D86A-4C2D-9364-B3B816C93A14}.Debug|Any CPU.Build.0 = Debug|Any CPU
		{C871A910-D86A-4C2D-9364-B3B816C93A14}.Release|Any CPU.ActiveCfg = Release|Any CPU
		{C871A910-D86A-4C2D-9364-B3B816C93A14}.Release|Any CPU.Build.0 = Release|Any CPU
	EndGlobalSection
	GlobalSection(SolutionProperties) = preSolution
		HideSolutionNode = FALSE
	EndGlobalSection
	GlobalSection(ExtensibilityGlobals) = postSolution
		SolutionGuid = {F23C747E-9D5F-413E-B4C5-CE3D7858BCCA}
	EndGlobalSection
EndGlobal
